
Microsoft Visual Studio Solution File, Format Version 12.00
# Visual Studio Version 16
VisualStudioVersion = 16.0.34301.259
MinimumVisualStudioVersion = 10.0.40219.1
Project("{FAE04EC0-301F-11D3-BF4B-00C04F79EFBC}") = "Zadanie 12", "Zadanie 12\Zadanie 12.csproj", "{AFEDE524-B874-4CEC-A4AA-3CD099FEA49E}"
EndProject
Global
	GlobalSection(SolutionConfigurationPlatforms) = preSolution
		Debug|Any CPU = Debug|Any CPU
		Release|Any CPU = Release|Any CPU
	EndGlobalSection
	GlobalSection(ProjectConfigurationPlatforms) = postSolution
		{AFEDE524-B874-4CEC-A4AA-3CD099FEA49E}.Debug|Any CPU.ActiveCfg = Debug|Any CPU
		{AFEDE524-B874-4CEC-A4AA-3CD099FEA49E}.Debug|Any CPU.Build.0 = Debug|Any CPU
		{AFEDE524-B874-4CEC-A4AA-3CD099FEA49E}.Release|Any CPU.ActiveCfg = Release|Any CPU
		{AFEDE524-B874-4CEC-A4AA-3CD099FEA49E}.Release|Any CPU.Build.0 = Release|Any CPU
	EndGlobalSection
	GlobalSection(SolutionProperties) = preSolution
		HideSolutionNode = FALSE
	EndGlobalSection
	GlobalSection(ExtensibilityGlobals) = postSolution
		SolutionGuid = {81BCF0BD-CB2F-4B5D-9311-D29BED5EB028}
	EndGlobalSection
EndGlobal
